
Microsoft Visual Studio Solution File, Format Version 12.00
# Visual Studio 15
VisualStudioVersion = 15.0.28010.2016
MinimumVisualStudioVersion = 10.0.40219.1
Project("{9A19103F-16F7-4668-BE54-9A1E7A4F7556}") = "WebScrapingNFCe", "WebScrapingNFCe\WebScrapingNFCe.csproj", "{A409E41D-95F6-45A2-A0E2-3EA419BE47C5}"
EndProject
Global
	GlobalSection(SolutionConfigurationPlatforms) = preSolution
		Debug|Any CPU = Debug|Any CPU
		Release|Any CPU = Release|Any CPU
	EndGlobalSection
	GlobalSection(ProjectConfigurationPlatforms) = postSolution
		{A409E41D-95F6-45A2-A0E2-3EA419BE47C5}.Debug|Any CPU.ActiveCfg = Debug|Any CPU
		{A409E41D-95F6-45A2-A0E2-3EA419BE47C5}.Debug|Any CPU.Build.0 = Debug|Any CPU
		{A409E41D-95F6-45A2-A0E2-3EA419BE47C5}.Release|Any CPU.ActiveCfg = Release|Any CPU
		{A409E41D-95F6-45A2-A0E2-3EA419BE47C5}.Release|Any CPU.Build.0 = Release|Any CPU
	EndGlobalSection
	GlobalSection(SolutionProperties) = preSolution
		HideSolutionNode = FALSE
	EndGlobalSection
	GlobalSection(ExtensibilityGlobals) = postSolution
		SolutionGuid = {28298E7F-C557-41CC-91A2-975821755C6E}
	EndGlobalSection
EndGlobal
